{
  "name": "writetoalgolia",
  "version": "1.0.0",
  "lockfileVersion": 2,
  "requires": true,
  "packages": {
    "": {
      "name": "writetoalgolia",
      "version": "1.0.0",
      "license": "ISC",
      "dependencies": {
        "algoliasearch": "^4.24.0",
        "dotenv": "^16.0.2",
        "node-fetch": "^2.6.7",
        "remove-markdown": "^0.5.0"
      }
    },
    "node_modules/@algolia/cache-browser-local-storage": {
      "version": "4.24.0",
      "resolved": "https://registry.npmjs.org/@algolia/cache-browser-local-storage/-/cache-browser-local-storage-4.24.0.tgz",
      "integrity": "sha512-t63W9BnoXVrGy9iYHBgObNXqYXM3tYXCjDSHeNwnsc324r4o5UiVKUiAB4THQ5z9U5hTj6qUvwg/Ez43ZD85ww==",
      "license": "MIT",
      "dependencies": {
        "@algolia/cache-common": "4.24.0"
      }
    },
    "node_modules/@algolia/cache-common": {
      "version": "4.24.0",
      "resolved": "https://registry.npmjs.org/@algolia/cache-common/-/cache-common-4.24.0.tgz",
      "integrity": "sha512-emi+v+DmVLpMGhp0V9q9h5CdkURsNmFC+cOS6uK9ndeJm9J4TiqSvPYVu+THUP8P/S08rxf5x2P+p3CfID0Y4g==",
      "license": "MIT"
    },
    "node_modules/@algolia/cache-in-memory": {
      "version": "4.24.0",
      "resolved": "https://registry.npmjs.org/@algolia/cache-in-memory/-/cache-in-memory-4.24.0.tgz",
      "integrity": "sha512-gDrt2so19jW26jY3/MkFg5mEypFIPbPoXsQGQWAi6TrCPsNOSEYepBMPlucqWigsmEy/prp5ug2jy/N3PVG/8w==",
      "license": "MIT",
      "dependencies": {
        "@algolia/cache-common": "4.24.0"
      }
    },
    "node_modules/@algolia/client-account": {
      "version": "4.24.0",
      "resolved": "https://registry.npmjs.org/@algolia/client-account/-/client-account-4.24.0.tgz",
      "integrity": "sha512-adcvyJ3KjPZFDybxlqnf+5KgxJtBjwTPTeyG2aOyoJvx0Y8dUQAEOEVOJ/GBxX0WWNbmaSrhDURMhc+QeevDsA==",
      "license": "MIT",
      "dependencies": {
        "@algolia/client-common": "4.24.0",
        "@algolia/client-search": "4.24.0",
        "@algolia/transporter": "4.24.0"
      }
    },
    "node_modules/@algolia/client-analytics": {
      "version": "4.24.0",
      "resolved": "https://registry.npmjs.org/@algolia/client-analytics/-/client-analytics-4.24.0.tgz",
      "integrity": "sha512-y8jOZt1OjwWU4N2qr8G4AxXAzaa8DBvyHTWlHzX/7Me1LX8OayfgHexqrsL4vSBcoMmVw2XnVW9MhL+Y2ZDJXg==",
      "license": "MIT",
      "dependencies": {
        "@algolia/client-common": "4.24.0",
        "@algolia/client-search": "4.24.0",
        "@algolia/requester-common": "4.24.0",
        "@algolia/transporter": "4.24.0"
      }
    },
    "node_modules/@algolia/client-common": {
      "version": "4.24.0",
      "resolved": "https://registry.npmjs.org/@algolia/client-common/-/client-common-4.24.0.tgz",
      "integrity": "sha512-bc2ROsNL6w6rqpl5jj/UywlIYC21TwSSoFHKl01lYirGMW+9Eek6r02Tocg4gZ8HAw3iBvu6XQiM3BEbmEMoiA==",
      "license": "MIT",
      "dependencies": {
        "@algolia/requester-common": "4.24.0",
        "@algolia/transporter": "4.24.0"
      }
    },
    "node_modules/@algolia/client-personalization": {
      "version": "4.24.0",
      "resolved": "https://registry.npmjs.org/@algolia/client-personalization/-/client-personalization-4.24.0.tgz",
      "integrity": "sha512-l5FRFm/yngztweU0HdUzz1rC4yoWCFo3IF+dVIVTfEPg906eZg5BOd1k0K6rZx5JzyyoP4LdmOikfkfGsKVE9w==",
      "license": "MIT",
      "dependencies": {
        "@algolia/client-common": "4.24.0",
        "@algolia/requester-common": "4.24.0",
        "@algolia/transporter": "4.24.0"
      }
    },
    "node_modules/@algolia/client-search": {
      "version": "4.24.0",
      "resolved": "https://registry.npmjs.org/@algolia/client-search/-/client-search-4.24.0.tgz",
      "integrity": "sha512-uRW6EpNapmLAD0mW47OXqTP8eiIx5F6qN9/x/7HHO6owL3N1IXqydGwW5nhDFBrV+ldouro2W1VX3XlcUXEFCA==",
      "license": "MIT",
      "dependencies": {
        "@algolia/client-common": "4.24.0",
        "@algolia/requester-common": "4.24.0",
        "@algolia/transporter": "4.24.0"
      }
    },
    "node_modules/@algolia/logger-common": {
      "version": "4.24.0",
      "resolved": "https://registry.npmjs.org/@algolia/logger-common/-/logger-common-4.24.0.tgz",
      "integrity": "sha512-LLUNjkahj9KtKYrQhFKCzMx0BY3RnNP4FEtO+sBybCjJ73E8jNdaKJ/Dd8A/VA4imVHP5tADZ8pn5B8Ga/wTMA==",
      "license": "MIT"
    },
    "node_modules/@algolia/logger-console": {
      "version": "4.24.0",
      "resolved": "https://registry.npmjs.org/@algolia/logger-console/-/logger-console-4.24.0.tgz",
      "integrity": "sha512-X4C8IoHgHfiUROfoRCV+lzSy+LHMgkoEEU1BbKcsfnV0i0S20zyy0NLww9dwVHUWNfPPxdMU+/wKmLGYf96yTg==",
      "license": "MIT",
      "dependencies": {
        "@algolia/logger-common": "4.24.0"
      }
    },
    "node_modules/@algolia/recommend": {
      "version": "4.24.0",
      "resolved": "https://registry.npmjs.org/@algolia/recommend/-/recommend-4.24.0.tgz",
      "integrity": "sha512-P9kcgerfVBpfYHDfVZDvvdJv0lEoCvzNlOy2nykyt5bK8TyieYyiD0lguIJdRZZYGre03WIAFf14pgE+V+IBlw==",
      "license": "MIT",
      "dependencies": {
        "@algolia/cache-browser-local-storage": "4.24.0",
        "@algolia/cache-common": "4.24.0",
        "@algolia/cache-in-memory": "4.24.0",
        "@algolia/client-common": "4.24.0",
        "@algolia/client-search": "4.24.0",
        "@algolia/logger-common": "4.24.0",
        "@algolia/logger-console": "4.24.0",
        "@algolia/requester-browser-xhr": "4.24.0",
        "@algolia/requester-common": "4.24.0",
        "@algolia/requester-node-http": "4.24.0",
        "@algolia/transporter": "4.24.0"
      }
    },
    "node_modules/@algolia/requester-browser-xhr": {
      "version": "4.24.0",
      "resolved": "https://registry.npmjs.org/@algolia/requester-browser-xhr/-/requester-browser-xhr-4.24.0.tgz",
      "integrity": "sha512-Z2NxZMb6+nVXSjF13YpjYTdvV3032YTBSGm2vnYvYPA6mMxzM3v5rsCiSspndn9rzIW4Qp1lPHBvuoKJV6jnAA==",
      "license": "MIT",
      "dependencies": {
        "@algolia/requester-common": "4.24.0"
      }
    },
    "node_modules/@algolia/requester-common": {
      "version": "4.24.0",
      "resolved": "https://registry.npmjs.org/@algolia/requester-common/-/requester-common-4.24.0.tgz",
      "integrity": "sha512-k3CXJ2OVnvgE3HMwcojpvY6d9kgKMPRxs/kVohrwF5WMr2fnqojnycZkxPoEg+bXm8fi5BBfFmOqgYztRtHsQA==",
      "license": "MIT"
    },
    "node_modules/@algolia/requester-node-http": {
      "version": "4.24.0",
      "resolved": "https://registry.npmjs.org/@algolia/requester-node-http/-/requester-node-http-4.24.0.tgz",
      "integrity": "sha512-JF18yTjNOVYvU/L3UosRcvbPMGT9B+/GQWNWnenIImglzNVGpyzChkXLnrSf6uxwVNO6ESGu6oN8MqcGQcjQJw==",
      "license": "MIT",
      "dependencies": {
        "@algolia/requester-common": "4.24.0"
      }
    },
    "node_modules/@algolia/transporter": {
      "version": "4.24.0",
      "resolved": "https://registry.npmjs.org/@algolia/transporter/-/transporter-4.24.0.tgz",
      "integrity": "sha512-86nI7w6NzWxd1Zp9q3413dRshDqAzSbsQjhcDhPIatEFiZrL1/TjnHL8S7jVKFePlIMzDsZWXAXwXzcok9c5oA==",
      "license": "MIT",
      "dependencies": {
        "@algolia/cache-common": "4.24.0",
        "@algolia/logger-common": "4.24.0",
        "@algolia/requester-common": "4.24.0"
      }
    },
    "node_modules/algoliasearch": {
      "version": "4.24.0",
      "resolved": "https://registry.npmjs.org/algoliasearch/-/algoliasearch-4.24.0.tgz",
      "integrity": "sha512-bf0QV/9jVejssFBmz2HQLxUadxk574t4iwjCKp5E7NBzwKkrDEhKPISIIjAU/p6K5qDx3qoeh4+26zWN1jmw3g==",
      "license": "MIT",
      "dependencies": {
        "@algolia/cache-browser-local-storage": "4.24.0",
        "@algolia/cache-common": "4.24.0",
        "@algolia/cache-in-memory": "4.24.0",
        "@algolia/client-account": "4.24.0",
        "@algolia/client-analytics": "4.24.0",
        "@algolia/client-common": "4.24.0",
        "@algolia/client-personalization": "4.24.0",
        "@algolia/client-search": "4.24.0",
        "@algolia/logger-common": "4.24.0",
        "@algolia/logger-console": "4.24.0",
        "@algolia/recommend": "4.24.0",
        "@algolia/requester-browser-xhr": "4.24.0",
        "@algolia/requester-common": "4.24.0",
        "@algolia/requester-node-http": "4.24.0",
        "@algolia/transporter": "4.24.0"
      }
    },
    "node_modules/dotenv": {
      "version": "16.0.2",
      "resolved": "https://registry.npmjs.org/dotenv/-/dotenv-16.0.2.tgz",
      "integrity": "sha512-JvpYKUmzQhYoIFgK2MOnF3bciIZoItIIoryihy0rIA+H4Jy0FmgyKYAHCTN98P5ybGSJcIFbh6QKeJdtZd1qhA==",
      "engines": {
        "node": ">=12"
      }
    },
    "node_modules/node-fetch": {
      "version": "2.6.7",
      "resolved": "https://registry.npmjs.org/node-fetch/-/node-fetch-2.6.7.tgz",
      "integrity": "sha512-ZjMPFEfVx5j+y2yF35Kzx5sF7kDzxuDj6ziH4FFbOp87zKDZNx8yExJIb05OGF4Nlt9IHFIMBkRl41VdvcNdbQ==",
      "dependencies": {
        "whatwg-url": "^5.0.0"
      },
      "engines": {
        "node": "4.x || >=6.0.0"
      },
      "peerDependencies": {
        "encoding": "^0.1.0"
      },
      "peerDependenciesMeta": {
        "encoding": {
          "optional": true
        }
      }
    },
    "node_modules/remove-markdown": {
      "version": "0.5.0",
      "resolved": "https://registry.npmjs.org/remove-markdown/-/remove-markdown-0.5.0.tgz",
      "integrity": "sha512-x917M80K97K5IN1L8lUvFehsfhR8cYjGQ/yAMRI9E7JIKivtl5Emo5iD13DhMr+VojzMCiYk8V2byNPwT/oapg=="
    },
    "node_modules/tr46": {
      "version": "0.0.3",
      "resolved": "https://registry.npmjs.org/tr46/-/tr46-0.0.3.tgz",
      "integrity": "sha1-gYT9NH2snNwYWZLzpmIuFLnZq2o="
    },
    "node_modules/webidl-conversions": {
      "version": "3.0.1",
      "resolved": "https://registry.npmjs.org/webidl-conversions/-/webidl-conversions-3.0.1.tgz",
      "integrity": "sha1-JFNCdeKnvGvnvIZhHMFq4KVlSHE="
    },
    "node_modules/whatwg-url": {
      "version": "5.0.0",
      "resolved": "https://registry.npmjs.org/whatwg-url/-/whatwg-url-5.0.0.tgz",
      "integrity": "sha1-lmRU6HZUYuN2RNNib2dCzotwll0=",
      "dependencies": {
        "tr46": "~0.0.3",
        "webidl-conversions": "^3.0.0"
      }
    }
  },
  "dependencies": {
    "@algolia/cache-browser-local-storage": {
      "version": "4.24.0",
      "resolved": "https://registry.npmjs.org/@algolia/cache-browser-local-storage/-/cache-browser-local-storage-4.24.0.tgz",
      "integrity": "sha512-t63W9BnoXVrGy9iYHBgObNXqYXM3tYXCjDSHeNwnsc324r4o5UiVKUiAB4THQ5z9U5hTj6qUvwg/Ez43ZD85ww==",
      "requires": {
        "@algolia/cache-common": "4.24.0"
      }
    },
    "@algolia/cache-common": {
      "version": "4.24.0",
      "resolved": "https://registry.npmjs.org/@algolia/cache-common/-/cache-common-4.24.0.tgz",
      "integrity": "sha512-emi+v+DmVLpMGhp0V9q9h5CdkURsNmFC+cOS6uK9ndeJm9J4TiqSvPYVu+THUP8P/S08rxf5x2P+p3CfID0Y4g=="
    },
    "@algolia/cache-in-memory": {
      "version": "4.24.0",
      "resolved": "https://registry.npmjs.org/@algolia/cache-in-memory/-/cache-in-memory-4.24.0.tgz",
      "integrity": "sha512-gDrt2so19jW26jY3/MkFg5mEypFIPbPoXsQGQWAi6TrCPsNOSEYepBMPlucqWigsmEy/prp5ug2jy/N3PVG/8w==",
      "requires": {
        "@algolia/cache-common": "4.24.0"
      }
    },
    "@algolia/client-account": {
      "version": "4.24.0",
      "resolved": "https://registry.npmjs.org/@algolia/client-account/-/client-account-4.24.0.tgz",
      "integrity": "sha512-adcvyJ3KjPZFDybxlqnf+5KgxJtBjwTPTeyG2aOyoJvx0Y8dUQAEOEVOJ/GBxX0WWNbmaSrhDURMhc+QeevDsA==",
      "requires": {
        "@algolia/client-common": "4.24.0",
        "@algolia/client-search": "4.24.0",
        "@algolia/transporter": "4.24.0"
      }
    },
    "@algolia/client-analytics": {
      "version": "4.24.0",
      "resolved": "https://registry.npmjs.org/@algolia/client-analytics/-/client-analytics-4.24.0.tgz",
      "integrity": "sha512-y8jOZt1OjwWU4N2qr8G4AxXAzaa8DBvyHTWlHzX/7Me1LX8OayfgHexqrsL4vSBcoMmVw2XnVW9MhL+Y2ZDJXg==",
      "requires": {
        "@algolia/client-common": "4.24.0",
        "@algolia/client-search": "4.24.0",
        "@algolia/requester-common": "4.24.0",
        "@algolia/transporter": "4.24.0"
      }
    },
    "@algolia/client-common": {
      "version": "4.24.0",
      "resolved": "https://registry.npmjs.org/@algolia/client-common/-/client-common-4.24.0.tgz",
      "integrity": "sha512-bc2ROsNL6w6rqpl5jj/UywlIYC21TwSSoFHKl01lYirGMW+9Eek6r02Tocg4gZ8HAw3iBvu6XQiM3BEbmEMoiA==",
      "requires": {
        "@algolia/requester-common": "4.24.0",
        "@algolia/transporter": "4.24.0"
      }
    },
    "@algolia/client-personalization": {
      "version": "4.24.0",
      "resolved": "https://registry.npmjs.org/@algolia/client-personalization/-/client-personalization-4.24.0.tgz",
      "integrity": "sha512-l5FRFm/yngztweU0HdUzz1rC4yoWCFo3IF+dVIVTfEPg906eZg5BOd1k0K6rZx5JzyyoP4LdmOikfkfGsKVE9w==",
      "requires": {
        "@algolia/client-common": "4.24.0",
        "@algolia/requester-common": "4.24.0",
        "@algolia/transporter": "4.24.0"
      }
    },
    "@algolia/client-search": {
      "version": "4.24.0",
      "resolved": "https://registry.npmjs.org/@algolia/client-search/-/client-search-4.24.0.tgz",
      "integrity": "sha512-uRW6EpNapmLAD0mW47OXqTP8eiIx5F6qN9/x/7HHO6owL3N1IXqydGwW5nhDFBrV+ldouro2W1VX3XlcUXEFCA==",
      "requires": {
        "@algolia/client-common": "4.24.0",
        "@algolia/requester-common": "4.24.0",
        "@algolia/transporter": "4.24.0"
      }
    },
    "@algolia/logger-common": {
      "version": "4.24.0",
      "resolved": "https://registry.npmjs.org/@algolia/logger-common/-/logger-common-4.24.0.tgz",
      "integrity": "sha512-LLUNjkahj9KtKYrQhFKCzMx0BY3RnNP4FEtO+sBybCjJ73E8jNdaKJ/Dd8A/VA4imVHP5tADZ8pn5B8Ga/wTMA=="
    },
    "@algolia/logger-console": {
      "version": "4.24.0",
      "resolved": "https://registry.npmjs.org/@algolia/logger-console/-/logger-console-4.24.0.tgz",
      "integrity": "sha512-X4C8IoHgHfiUROfoRCV+lzSy+LHMgkoEEU1BbKcsfnV0i0S20zyy0NLww9dwVHUWNfPPxdMU+/wKmLGYf96yTg==",
      "requires": {
        "@algolia/logger-common": "4.24.0"
      }
    },
    "@algolia/recommend": {
      "version": "4.24.0",
      "resolved": "https://registry.npmjs.org/@algolia/recommend/-/recommend-4.24.0.tgz",
      "integrity": "sha512-P9kcgerfVBpfYHDfVZDvvdJv0lEoCvzNlOy2nykyt5bK8TyieYyiD0lguIJdRZZYGre03WIAFf14pgE+V+IBlw==",
      "requires": {
        "@algolia/cache-browser-local-storage": "4.24.0",
        "@algolia/cache-common": "4.24.0",
        "@algolia/cache-in-memory": "4.24.0",
        "@algolia/client-common": "4.24.0",
        "@algolia/client-search": "4.24.0",
        "@algolia/logger-common": "4.24.0",
        "@algolia/logger-console": "4.24.0",
        "@algolia/requester-browser-xhr": "4.24.0",
        "@algolia/requester-common": "4.24.0",
        "@algolia/requester-node-http": "4.24.0",
        "@algolia/transporter": "4.24.0"
      }
    },
    "@algolia/requester-browser-xhr": {
      "version": "4.24.0",
      "resolved": "https://registry.npmjs.org/@algolia/requester-browser-xhr/-/requester-browser-xhr-4.24.0.tgz",
      "integrity": "sha512-Z2NxZMb6+nVXSjF13YpjYTdvV3032YTBSGm2vnYvYPA6mMxzM3v5rsCiSspndn9rzIW4Qp1lPHBvuoKJV6jnAA==",
      "requires": {
        "@algolia/requester-common": "4.24.0"
      }
    },
    "@algolia/requester-common": {
      "version": "4.24.0",
      "resolved": "https://registry.npmjs.org/@algolia/requester-common/-/requester-common-4.24.0.tgz",
      "integrity": "sha512-k3CXJ2OVnvgE3HMwcojpvY6d9kgKMPRxs/kVohrwF5WMr2fnqojnycZkxPoEg+bXm8fi5BBfFmOqgYztRtHsQA=="
    },
    "@algolia/requester-node-http": {
      "version": "4.24.0",
      "resolved": "https://registry.npmjs.org/@algolia/requester-node-http/-/requester-node-http-4.24.0.tgz",
      "integrity": "sha512-JF18yTjNOVYvU/L3UosRcvbPMGT9B+/GQWNWnenIImglzNVGpyzChkXLnrSf6uxwVNO6ESGu6oN8MqcGQcjQJw==",
      "requires": {
        "@algolia/requester-common": "4.24.0"
      }
    },
    "@algolia/transporter": {
      "version": "4.24.0",
      "resolved": "https://registry.npmjs.org/@algolia/transporter/-/transporter-4.24.0.tgz",
      "integrity": "sha512-86nI7w6NzWxd1Zp9q3413dRshDqAzSbsQjhcDhPIatEFiZrL1/TjnHL8S7jVKFePlIMzDsZWXAXwXzcok9c5oA==",
      "requires": {
        "@algolia/cache-common": "4.24.0",
        "@algolia/logger-common": "4.24.0",
        "@algolia/requester-common": "4.24.0"
      }
    },
    "algoliasearch": {
      "version": "4.24.0",
      "resolved": "https://registry.npmjs.org/algoliasearch/-/algoliasearch-4.24.0.tgz",
      "integrity": "sha512-bf0QV/9jVejssFBmz2HQLxUadxk574t4iwjCKp5E7NBzwKkrDEhKPISIIjAU/p6K5qDx3qoeh4+26zWN1jmw3g==",
      "requires": {
        "@algolia/cache-browser-local-storage": "4.24.0",
        "@algolia/cache-common": "4.24.0",
        "@algolia/cache-in-memory": "4.24.0",
        "@algolia/client-account": "4.24.0",
        "@algolia/client-analytics": "4.24.0",
        "@algolia/client-common": "4.24.0",
        "@algolia/client-personalization": "4.24.0",
        "@algolia/client-search": "4.24.0",
        "@algolia/logger-common": "4.24.0",
        "@algolia/logger-console": "4.24.0",
        "@algolia/recommend": "4.24.0",
        "@algolia/requester-browser-xhr": "4.24.0",
        "@algolia/requester-common": "4.24.0",
        "@algolia/requester-node-http": "4.24.0",
        "@algolia/transporter": "4.24.0"
      }
    },
    "dotenv": {
      "version": "16.0.2",
      "resolved": "https://registry.npmjs.org/dotenv/-/dotenv-16.0.2.tgz",
      "integrity": "sha512-JvpYKUmzQhYoIFgK2MOnF3bciIZoItIIoryihy0rIA+H4Jy0FmgyKYAHCTN98P5ybGSJcIFbh6QKeJdtZd1qhA=="
    },
    "node-fetch": {
      "version": "2.6.7",
      "resolved": "https://registry.npmjs.org/node-fetch/-/node-fetch-2.6.7.tgz",
      "integrity": "sha512-ZjMPFEfVx5j+y2yF35Kzx5sF7kDzxuDj6ziH4FFbOp87zKDZNx8yExJIb05OGF4Nlt9IHFIMBkRl41VdvcNdbQ==",
      "requires": {
        "whatwg-url": "^5.0.0"
      }
    },
    "remove-markdown": {
      "version": "0.5.0",
      "resolved": "https://registry.npmjs.org/remove-markdown/-/remove-markdown-0.5.0.tgz",
      "integrity": "sha512-x917M80K97K5IN1L8lUvFehsfhR8cYjGQ/yAMRI9E7JIKivtl5Emo5iD13DhMr+VojzMCiYk8V2byNPwT/oapg=="
    },
    "tr46": {
      "version": "0.0.3",
      "resolved": "https://registry.npmjs.org/tr46/-/tr46-0.0.3.tgz",
      "integrity": "sha1-gYT9NH2snNwYWZLzpmIuFLnZq2o="
    },
    "webidl-conversions": {
      "version": "3.0.1",
      "resolved": "https://registry.npmjs.org/webidl-conversions/-/webidl-conversions-3.0.1.tgz",
      "integrity": "sha1-JFNCdeKnvGvnvIZhHMFq4KVlSHE="
    },
    "whatwg-url": {
      "version": "5.0.0",
      "resolved": "https://registry.npmjs.org/whatwg-url/-/whatwg-url-5.0.0.tgz",
      "integrity": "sha1-lmRU6HZUYuN2RNNib2dCzotwll0=",
      "requires": {
        "tr46": "~0.0.3",
        "webidl-conversions": "^3.0.0"
      }
    }
  }
}
